
Microsoft Visual Studio Solution File, Format Version 12.00
# Visual Studio Version 17
VisualStudioVersion = 17.1.32210.238
MinimumVisualStudioVersion = 10.0.40219.1
Project("{FAE04EC0-301F-11D3-BF4B-00C04F79EFBC}") = "BookShop", "BookShop\BookShop.csproj", "{720ECCAD-E543-4C89-AFF6-CAB796547E04}"
EndProject
Project("{FAE04EC0-301F-11D3-BF4B-00C04F79EFBC}") = "HomeWork1", "HomeWork1\HomeWork1.csproj", "{6D7C75DF-FC0D-4D0F-A10C-927A6BDD7FFF}"
EndProject
Project("{FAE04EC0-301F-11D3-BF4B-00C04F79EFBC}") = "HomeWork2", "HomeWork2\HomeWork2.csproj", "{81C34347-0E49-45DA-B09D-548B302A2B3D}"
EndProject
Project("{FAE04EC0-301F-11D3-BF4B-00C04F79EFBC}") = "HomeWork3", "HomeWork3\HomeWork3.csproj", "{5400BCA5-74C4-43E1-ACE1-CC27FA2410FD}"
EndProject
Project("{FAE04EC0-301F-11D3-BF4B-00C04F79EFBC}") = "TIC TAC TOE", "TIC TAC TOE\TIC TAC TOE.csproj", "{D22DAEF6-D082-41DD-BE87-5F1296B7534A}"
EndProject
Global
	GlobalSection(SolutionConfigurationPlatforms) = preSolution
		Debug|Any CPU = Debug|Any CPU
		Release|Any CPU = Release|Any CPU
	EndGlobalSection
	GlobalSection(ProjectConfigurationPlatforms) = postSolution
		{720ECCAD-E543-4C89-AFF6-CAB796547E04}.Debug|Any CPU.ActiveCfg = Debug|Any CPU
		{720ECCAD-E543-4C89-AFF6-CAB796547E04}.Debug|Any CPU.Build.0 = Debug|Any CPU
		{720ECCAD-E543-4C89-AFF6-CAB796547E04}.Release|Any CPU.ActiveCfg = Release|Any CPU
		{720ECCAD-E543-4C89-AFF6-CAB796547E04}.Release|Any CPU.Build.0 = Release|Any CPU
		{6D7C75DF-FC0D-4D0F-A10C-927A6BDD7FFF}.Debug|Any CPU.ActiveCfg = Debug|Any CPU
		{6D7C75DF-FC0D-4D0F-A10C-927A6BDD7FFF}.Debug|Any CPU.Build.0 = Debug|Any CPU
		{6D7C75DF-FC0D-4D0F-A10C-927A6BDD7FFF}.Release|Any CPU.ActiveCfg = Release|Any CPU
		{6D7C75DF-FC0D-4D0F-A10C-927A6BDD7FFF}.Release|Any CPU.Build.0 = Release|Any CPU
		{81C34347-0E49-45DA-B09D-548B302A2B3D}.Debug|Any CPU.ActiveCfg = Debug|Any CPU
		{81C34347-0E49-45DA-B09D-548B302A2B3D}.Debug|Any CPU.Build.0 = Debug|Any CPU
		{81C34347-0E49-45DA-B09D-548B302A2B3D}.Release|Any CPU.ActiveCfg = Release|Any CPU
		{81C34347-0E49-45DA-B09D-548B302A2B3D}.Release|Any CPU.Build.0 = Release|Any CPU
		{5400BCA5-74C4-43E1-ACE1-CC27FA2410FD}.Debug|Any CPU.ActiveCfg = Debug|Any CPU
		{5400BCA5-74C4-43E1-ACE1-CC27FA2410FD}.Debug|Any CPU.Build.0 = Debug|Any CPU
		{5400BCA5-74C4-43E1-ACE1-CC27FA2410FD}.Release|Any CPU.ActiveCfg = Release|Any CPU
		{5400BCA5-74C4-43E1-ACE1-CC27FA2410FD}.Release|Any CPU.Build.0 = Release|Any CPU
		{D22DAEF6-D082-41DD-BE87-5F1296B7534A}.Debug|Any CPU.ActiveCfg = Debug|Any CPU
		{D22DAEF6-D082-41DD-BE87-5F1296B7534A}.Debug|Any CPU.Build.0 = Debug|Any CPU
		{D22DAEF6-D082-41DD-BE87-5F1296B7534A}.Release|Any CPU.ActiveCfg = Release|Any CPU
		{D22DAEF6-D082-41DD-BE87-5F1296B7534A}.Release|Any CPU.Build.0 = Release|Any CPU
	EndGlobalSection
	GlobalSection(SolutionProperties) = preSolution
		HideSolutionNode = FALSE
	EndGlobalSection
	GlobalSection(ExtensibilityGlobals) = postSolution
		SolutionGuid = {43DE22BB-9F69-48A7-821C-EA5B192C8119}
	EndGlobalSection
EndGlobal
